// !$*UTF8*$!
{
    archiveVersion = 1;
    classes = {};
    objectVersion = 46;
    rootObject = __RootObject_;
    objects = {
        __RootObject_ = {
            isa = PBXProject;
            attributes = {LastUpgradeCheck = 9999;};
            buildConfigurationList = ___RootConfs_;
            compatibilityVersion = 'Xcode 3.2';
            developmentRegion = English;
            hasScannedForEncodings = 0;
            knownRegions = (en);
            mainGroup = ___RootGroup_;
            productRefGroup = ____Products_;
            projectDirPath = '';
            projectRoot = '';
            targets = (______Target_SwiftCalendar, ______Target_SwiftCalendarTests);
        };
        '__PBXFileRef_Package.swift' = {
            isa = PBXFileReference;
            lastKnownFileType = sourcecode.swift;
            path = 'Package.swift';
            sourceTree = '<group>';
        };
        ___RootGroup_ = {
            isa = PBXGroup;
            children = ('__PBXFileRef_Package.swift', _____Configs_, _____Sources_,  Dependencies_, _______Tests_, ____Products_);
            sourceTree = '<group>';
        };
        '__PBXFileRef_Sources/SwiftCalendar.swift' = {
            name = 'SwiftCalendar.swift';
            isa = PBXFileReference;
            lastKnownFileType = sourcecode.swift;
            path = 'Sources/SwiftCalendar.swift';
            sourceTree = '<group>';
        };
        _______Group_SwiftCalendar = {
            isa = PBXGroup;
            name = 'SwiftCalendar';
            sourceTree = '<group>';
            children = ('__PBXFileRef_Sources/SwiftCalendar.swift');
        };
        ______Target_SwiftCalendar = {
            isa = PBXNativeTarget;
            buildConfigurationList = _______Confs_SwiftCalendar;
            buildPhases = (CompilePhase_SwiftCalendar, ___LinkPhase_SwiftCalendar);
            buildRules = ();
            dependencies = ();
            name = 'SwiftCalendar';
            productName = SwiftCalendar;
            productReference = _____Product_SwiftCalendar;
            productType = 'com.apple.product-type.framework';
        };
        _____Product_SwiftCalendar = {
            isa = PBXFileReference;
            explicitFileType = 'wrapper.framework';
            path = 'SwiftCalendar.framework';
            sourceTree = BUILT_PRODUCTS_DIR;
        };
        CompilePhase_SwiftCalendar = {
            isa = PBXSourcesBuildPhase;
            files = ('__src_cc_ref_Sources/SwiftCalendar.swift');
            runOnlyForDeploymentPostprocessing = 0;
        };
        '__src_cc_ref_Sources/SwiftCalendar.swift' = {
            isa = PBXBuildFile;
            fileRef = '__PBXFileRef_Sources/SwiftCalendar.swift';
        };
        ___LinkPhase_SwiftCalendar = {
            isa = PBXFrameworksBuildPhase;
            files = ();
            runOnlyForDeploymentPostprocessing = 0;
        };
        _______Confs_SwiftCalendar = {
            isa = XCConfigurationList;
            buildConfigurations = (___DebugConf_SwiftCalendar, _ReleaseConf_SwiftCalendar);
            defaultConfigurationIsVisible = 0;
            defaultConfigurationName = Debug;
        };
        ___DebugConf_SwiftCalendar = {
            isa = XCBuildConfiguration;
            buildSettings = { SWIFT_VERSION = '3.0'; LD_RUNPATH_SEARCH_PATHS = '$(TOOLCHAIN_DIR)/usr/lib/swift/macosx'; PRODUCT_MODULE_NAME = '$(TARGET_NAME:c99extidentifier)'; ENABLE_TESTABILITY = 'YES'; OTHER_SWIFT_FLAGS = '$(inherited)'; INFOPLIST_FILE = 'SwiftCalendar.xcodeproj/SwiftCalendar_Info.plist'; FRAMEWORK_SEARCH_PATHS = '$(PLATFORM_DIR)/Developer/Library/Frameworks'; SWIFT_ACTIVE_COMPILATION_CONDITIONS = 'SWIFT_PACKAGE'; PRODUCT_BUNDLE_IDENTIFIER = 'SwiftCalendar'; PRODUCT_NAME = '$(TARGET_NAME:c99extidentifier)'; OTHER_LDFLAGS = '$(inherited)'; };
            name = Debug;
        };
        _ReleaseConf_SwiftCalendar = {
            isa = XCBuildConfiguration;
            buildSettings = { SWIFT_VERSION = '3.0'; LD_RUNPATH_SEARCH_PATHS = '$(TOOLCHAIN_DIR)/usr/lib/swift/macosx'; PRODUCT_MODULE_NAME = '$(TARGET_NAME:c99extidentifier)'; ENABLE_TESTABILITY = 'YES'; OTHER_SWIFT_FLAGS = '$(inherited)'; INFOPLIST_FILE = 'SwiftCalendar.xcodeproj/SwiftCalendar_Info.plist'; FRAMEWORK_SEARCH_PATHS = '$(PLATFORM_DIR)/Developer/Library/Frameworks'; SWIFT_ACTIVE_COMPILATION_CONDITIONS = 'SWIFT_PACKAGE'; PRODUCT_BUNDLE_IDENTIFIER = 'SwiftCalendar'; PRODUCT_NAME = '$(TARGET_NAME:c99extidentifier)'; OTHER_LDFLAGS = '$(inherited)'; };
            name = Release;
        };
        __Dependency_SwiftCalendar = {
            isa = PBXTargetDependency;
            target = ______Target_SwiftCalendar;
        };
        '__PBXFileRef_Tests/SwiftCalendarTests/MainTests.swift' = {
            name = 'MainTests.swift';
            isa = PBXFileReference;
            lastKnownFileType = sourcecode.swift;
            path = 'Tests/SwiftCalendarTests/MainTests.swift';
            sourceTree = '<group>';
        };
        _______Group_SwiftCalendarTests = {
            isa = PBXGroup;
            name = 'SwiftCalendarTests';
            sourceTree = '<group>';
            children = ('__PBXFileRef_Tests/SwiftCalendarTests/MainTests.swift');
        };
        ______Target_SwiftCalendarTests = {
            isa = PBXNativeTarget;
            buildConfigurationList = _______Confs_SwiftCalendarTests;
            buildPhases = (CompilePhase_SwiftCalendarTests, ___LinkPhase_SwiftCalendarTests);
            buildRules = ();
            dependencies = (__Dependency_SwiftCalendar);
            name = 'SwiftCalendarTests';
            productName = SwiftCalendarTests;
            productReference = _____Product_SwiftCalendarTests;
            productType = 'com.apple.product-type.bundle.unit-test';
        };
        _____Product_SwiftCalendarTests = {
            isa = PBXFileReference;
            explicitFileType = 'compiled.mach-o.wrapper.cfbundle';
            path = 'SwiftCalendarTests.xctest';
            sourceTree = BUILT_PRODUCTS_DIR;
        };
        CompilePhase_SwiftCalendarTests = {
            isa = PBXSourcesBuildPhase;
            files = ('__src_cc_ref_Tests/SwiftCalendarTests/MainTests.swift');
            runOnlyForDeploymentPostprocessing = 0;
        };
        '__src_cc_ref_Tests/SwiftCalendarTests/MainTests.swift' = {
            isa = PBXBuildFile;
            fileRef = '__PBXFileRef_Tests/SwiftCalendarTests/MainTests.swift';
        };
        ___LinkPhase_SwiftCalendarTests = {
            isa = PBXFrameworksBuildPhase;
            files = (_LinkFileRef_SwiftCalendar_via_SwiftCalendarTests);
            runOnlyForDeploymentPostprocessing = 0;
        };
        _LinkFileRef_SwiftCalendar_via_SwiftCalendarTests = {
            isa = PBXBuildFile;
            fileRef = _____Product_SwiftCalendar;
        };
        _______Confs_SwiftCalendarTests = {
            isa = XCConfigurationList;
            buildConfigurations = (___DebugConf_SwiftCalendarTests, _ReleaseConf_SwiftCalendarTests);
            defaultConfigurationIsVisible = 0;
            defaultConfigurationName = Debug;
        };
        ___DebugConf_SwiftCalendarTests = {
            isa = XCBuildConfiguration;
            buildSettings = { LD_RUNPATH_SEARCH_PATHS = '@loader_path/../Frameworks'; FRAMEWORK_SEARCH_PATHS = '$(PLATFORM_DIR)/Developer/Library/Frameworks'; OTHER_SWIFT_FLAGS = '$(inherited)'; INFOPLIST_FILE = 'SwiftCalendar.xcodeproj/SwiftCalendarTests_Info.plist'; SWIFT_ACTIVE_COMPILATION_CONDITIONS = 'SWIFT_PACKAGE'; EMBEDDED_CONTENT_CONTAINS_SWIFT = 'YES'; OTHER_LDFLAGS = '$(inherited)'; SWIFT_VERSION = '3.0'; };
            name = Debug;
        };
        _ReleaseConf_SwiftCalendarTests = {
            isa = XCBuildConfiguration;
            buildSettings = { LD_RUNPATH_SEARCH_PATHS = '@loader_path/../Frameworks'; FRAMEWORK_SEARCH_PATHS = '$(PLATFORM_DIR)/Developer/Library/Frameworks'; OTHER_SWIFT_FLAGS = '$(inherited)'; INFOPLIST_FILE = 'SwiftCalendar.xcodeproj/SwiftCalendarTests_Info.plist'; SWIFT_ACTIVE_COMPILATION_CONDITIONS = 'SWIFT_PACKAGE'; EMBEDDED_CONTENT_CONTAINS_SWIFT = 'YES'; OTHER_LDFLAGS = '$(inherited)'; SWIFT_VERSION = '3.0'; };
            name = Release;
        };
        __Dependency_SwiftCalendarTests = {
            isa = PBXTargetDependency;
            target = ______Target_SwiftCalendarTests;
        };
        '__PBXFileRef_SwiftCalendar.xcodeproj/Configs/Project.xcconfig' = {
            isa = PBXFileReference;
            lastKnownFileType = text.xcconfig;
            path = 'SwiftCalendar.xcodeproj/Configs/Project.xcconfig';
            sourceTree = '<group>';
        };
        '__PBXFileRef_SwiftCalendar.xcodeproj/Configs/Debug.xcconfig' = {
            isa = PBXFileReference;
            lastKnownFileType = text.xcconfig;
            path = 'SwiftCalendar.xcodeproj/Configs/Debug.xcconfig';
            sourceTree = '<group>';
        };
        '__PBXFileRef_SwiftCalendar.xcodeproj/Configs/Release.xcconfig' = {
            isa = PBXFileReference;
            lastKnownFileType = text.xcconfig;
            path = 'SwiftCalendar.xcodeproj/Configs/Release.xcconfig';
            sourceTree = '<group>';
        };
        _____Configs_ = {
            isa = PBXGroup;
            children = ('__PBXFileRef_SwiftCalendar.xcodeproj/Configs/Project.xcconfig', '__PBXFileRef_SwiftCalendar.xcodeproj/Configs/Debug.xcconfig', '__PBXFileRef_SwiftCalendar.xcodeproj/Configs/Release.xcconfig');
            name = Configs;
            sourceTree = '<group>';
        };
        _____Sources_ = {
            isa = PBXGroup;
            children = (_______Group_SwiftCalendar);
            name = Sources;
            sourceTree = '<group>';
        };
        _______Tests_ = {
            isa = PBXGroup;
            children = (_______Group_SwiftCalendarTests);
            name = Tests;
            sourceTree = '<group>';
        };
       TestProducts_ = {
            isa = PBXGroup;
            children = (_____Product_SwiftCalendarTests);
            name = Tests;
            sourceTree = '<group>';
        };
        ____Products_ = {
            isa = PBXGroup;
            children = (TestProducts_, _____Product_SwiftCalendar);
            name = Products;
            sourceTree = '<group>';
        };
        _______Debug_ = {
            isa = XCBuildConfiguration;
            baseConfigurationReference = '__PBXFileRef_SwiftCalendar.xcodeproj/Configs/Debug.xcconfig';
            buildSettings = {};
            name = Debug;
        };
        _____Release_ = {
            isa = XCBuildConfiguration;
            baseConfigurationReference = '__PBXFileRef_SwiftCalendar.xcodeproj/Configs/Release.xcconfig';
            buildSettings = {};
            name = Release;
        };
        ___RootConfs_ = {
            isa = XCConfigurationList;
            buildConfigurations = (_______Debug_, _____Release_);
            defaultConfigurationIsVisible = 0;
            defaultConfigurationName = Debug;
        };
    };
}
